
Microsoft Visual Studio Solution File, Format Version 12.00
# Visual Studio Version 17
VisualStudioVersion = 17.5.002.0
MinimumVisualStudioVersion = 10.0.40219.1
Project("{9A19103F-16F7-4668-BE54-9A1E7A4F7556}") = "StockCompareApi", "API\StockCompareApi.csproj", "{BB907098-D6FE-4253-8FEC-2407BC71CA72}"
EndProject
Global
	GlobalSection(SolutionConfigurationPlatforms) = preSolution
		Debug|Any CPU = Debug|Any CPU
		Release|Any CPU = Release|Any CPU
	EndGlobalSection
	GlobalSection(ProjectConfigurationPlatforms) = postSolution
		{BB907098-D6FE-4253-8FEC-2407BC71CA72}.Debug|Any CPU.ActiveCfg = Debug|Any CPU
		{BB907098-D6FE-4253-8FEC-2407BC71CA72}.Debug|Any CPU.Build.0 = Debug|Any CPU
		{BB907098-D6FE-4253-8FEC-2407BC71CA72}.Release|Any CPU.ActiveCfg = Release|Any CPU
		{BB907098-D6FE-4253-8FEC-2407BC71CA72}.Release|Any CPU.Build.0 = Release|Any CPU
	EndGlobalSection
	GlobalSection(SolutionProperties) = preSolution
		HideSolutionNode = FALSE
	EndGlobalSection
	GlobalSection(ExtensibilityGlobals) = postSolution
		SolutionGuid = {BB0BEADA-A104-4AB2-929D-398D8BE77F29}
	EndGlobalSection
EndGlobal
